
Microsoft Visual Studio Solution File, Format Version 12.00
# Visual Studio Version 16
VisualStudioVersion = 16.0.30621.155
MinimumVisualStudioVersion = 10.0.40219.1
Project("{FAE04EC0-301F-11D3-BF4B-00C04F79EFBC}") = "Exercises_05_11_2020", "Exercises_05_11_2020\Exercises_05_11_2020.csproj", "{B4863E73-15F7-43FC-A81A-CB5EBA3E993F}"
EndProject
Global
	GlobalSection(SolutionConfigurationPlatforms) = preSolution
		Debug|Any CPU = Debug|Any CPU
		Release|Any CPU = Release|Any CPU
	EndGlobalSection
	GlobalSection(ProjectConfigurationPlatforms) = postSolution
		{B4863E73-15F7-43FC-A81A-CB5EBA3E993F}.Debug|Any CPU.ActiveCfg = Debug|Any CPU
		{B4863E73-15F7-43FC-A81A-CB5EBA3E993F}.Debug|Any CPU.Build.0 = Debug|Any CPU
		{B4863E73-15F7-43FC-A81A-CB5EBA3E993F}.Release|Any CPU.ActiveCfg = Release|Any CPU
		{B4863E73-15F7-43FC-A81A-CB5EBA3E993F}.Release|Any CPU.Build.0 = Release|Any CPU
	EndGlobalSection
	GlobalSection(SolutionProperties) = preSolution
		HideSolutionNode = FALSE
	EndGlobalSection
	GlobalSection(ExtensibilityGlobals) = postSolution
		SolutionGuid = {24F49161-E1D1-4B07-BFF2-102C6FD100C8}
	EndGlobalSection
EndGlobal
